<?xml version="1.0" encoding="UTF-8"?>
<Scheme LastUpgradeVersion = "1400" version = "1.3">
   <BuildAction parallelizeBuildables = "YES" buildImplicitDependencies = "YES">
      <BuildActionEntries>
         <BuildActionEntry buildForTesting = "YES" buildForRunning = "YES" buildForProfiling = "YES" buildForArchiving = "YES" buildForAnalyzing = "YES">
            <BuildableReference BuildableIdentifier = "primary" BlueprintIdentifier = "97C146ED1A1BAD7D0039F471" BuildableName = "Runner.app" BlueprintName = "Runner" ReferencedContainer = "container:Runner.xcodeproj"></BuildableReference>
         </BuildActionEntry>
      </BuildActionEntries>
   </BuildAction>
   <LaunchAction buildConfiguration = "Debug"></LaunchAction>
   <ProfileAction buildConfiguration = "Release"></ProfileAction>
</Scheme>